
Microsoft Visual Studio Solution File, Format Version 12.00
# Visual Studio Version 17
VisualStudioVersion = 17.8.34330.188
MinimumVisualStudioVersion = 10.0.40219.1
Project("{FAE04EC0-301F-11D3-BF4B-00C04F79EFBC}") = "Pinturillo-IanBelmonte-PolBesalú", "Pinturillo-IanBelmonte-PolBesalú\Pinturillo-IanBelmonte-PolBesalú.csproj", "{C99ED849-1D71-4C2E-85DA-1562E84CB499}"
EndProject
Global
	GlobalSection(SolutionConfigurationPlatforms) = preSolution
		Debug|Any CPU = Debug|Any CPU
		Release|Any CPU = Release|Any CPU
	EndGlobalSection
	GlobalSection(ProjectConfigurationPlatforms) = postSolution
		{C99ED849-1D71-4C2E-85DA-1562E84CB499}.Debug|Any CPU.ActiveCfg = Debug|Any CPU
		{C99ED849-1D71-4C2E-85DA-1562E84CB499}.Debug|Any CPU.Build.0 = Debug|Any CPU
		{C99ED849-1D71-4C2E-85DA-1562E84CB499}.Release|Any CPU.ActiveCfg = Release|Any CPU
		{C99ED849-1D71-4C2E-85DA-1562E84CB499}.Release|Any CPU.Build.0 = Release|Any CPU
	EndGlobalSection
	GlobalSection(SolutionProperties) = preSolution
		HideSolutionNode = FALSE
	EndGlobalSection
	GlobalSection(ExtensibilityGlobals) = postSolution
		SolutionGuid = {1EE84D25-4A7A-48EA-B433-9381759E14ED}
	EndGlobalSection
EndGlobal
